
Microsoft Visual Studio Solution File, Format Version 12.00
# Visual Studio Version 16
VisualStudioVersion = 16.0.31911.196
MinimumVisualStudioVersion = 10.0.40219.1
Project("{FAE04EC0-301F-11D3-BF4B-00C04F79EFBC}") = "PremKeyloggerAAA", "PremKeyloggerAAA\PremKeyloggerAAA.csproj", "{472CE4E8-81A8-496C-AB1C-E22A37652CB8}"
EndProject
Global
	GlobalSection(SolutionConfigurationPlatforms) = preSolution
		Debug|Any CPU = Debug|Any CPU
		Release|Any CPU = Release|Any CPU
	EndGlobalSection
	GlobalSection(ProjectConfigurationPlatforms) = postSolution
		{472CE4E8-81A8-496C-AB1C-E22A37652CB8}.Debug|Any CPU.ActiveCfg = Debug|Any CPU
		{472CE4E8-81A8-496C-AB1C-E22A37652CB8}.Debug|Any CPU.Build.0 = Debug|Any CPU
		{472CE4E8-81A8-496C-AB1C-E22A37652CB8}.Release|Any CPU.ActiveCfg = Release|Any CPU
		{472CE4E8-81A8-496C-AB1C-E22A37652CB8}.Release|Any CPU.Build.0 = Release|Any CPU
	EndGlobalSection
	GlobalSection(SolutionProperties) = preSolution
		HideSolutionNode = FALSE
	EndGlobalSection
	GlobalSection(ExtensibilityGlobals) = postSolution
		SolutionGuid = {622562E6-2900-4E12-83BE-E4A8D9DDAC14}
	EndGlobalSection
EndGlobal
